
Microsoft Visual Studio Solution File, Format Version 12.00
# Visual Studio Version 16
VisualStudioVersion = 16.0.30204.135
MinimumVisualStudioVersion = 10.0.40219.1
Project("{FAE04EC0-301F-11D3-BF4B-00C04F79EFBC}") = "QuanLySinhVien_project_guides", "QuanLySinhVien_project_guides\QuanLySinhVien_project_guides.csproj", "{24EABB42-5AD8-429A-BC4E-6E7ACE0EA12B}"
EndProject
Global
	GlobalSection(SolutionConfigurationPlatforms) = preSolution
		Debug|Any CPU = Debug|Any CPU
		Release|Any CPU = Release|Any CPU
	EndGlobalSection
	GlobalSection(ProjectConfigurationPlatforms) = postSolution
		{24EABB42-5AD8-429A-BC4E-6E7ACE0EA12B}.Debug|Any CPU.ActiveCfg = Debug|Any CPU
		{24EABB42-5AD8-429A-BC4E-6E7ACE0EA12B}.Debug|Any CPU.Build.0 = Debug|Any CPU
		{24EABB42-5AD8-429A-BC4E-6E7ACE0EA12B}.Release|Any CPU.ActiveCfg = Release|Any CPU
		{24EABB42-5AD8-429A-BC4E-6E7ACE0EA12B}.Release|Any CPU.Build.0 = Release|Any CPU
	EndGlobalSection
	GlobalSection(SolutionProperties) = preSolution
		HideSolutionNode = FALSE
	EndGlobalSection
	GlobalSection(ExtensibilityGlobals) = postSolution
		SolutionGuid = {9FA4AF11-7903-430E-ABA5-42192E6D2EA3}
	EndGlobalSection
EndGlobal
